// !$*UTF8*$!
{
	archiveVersion = 1;
	classes = {
	};
	objectVersion = 50;
	objects = {

/* Begin PBXBuildFile section */
		AC78D15320D1B71C00CE106D /* AppDelegate.swift in Sources */ = {isa = PBXBuildFile; fileRef = AC78D15220D1B71C00CE106D /* AppDelegate.swift */; };
		AC78D15520D1B71C00CE106D /* HomeController.swift in Sources */ = {isa = PBXBuildFile; fileRef = AC78D15420D1B71C00CE106D /* HomeController.swift */; };
		AC78D15820D1B71C00CE106D /* Main.storyboard in Resources */ = {isa = PBXBuildFile; fileRef = AC78D15620D1B71C00CE106D /* Main.storyboard */; };
		AC78D15D20D1B71E00CE106D /* Assets.xcassets in Resources */ = {isa = PBXBuildFile; fileRef = AC78D15C20D1B71D00CE106D /* Assets.xcassets */; };
		AC78D16020D1B71E00CE106D /* LaunchScreen.storyboard in Resources */ = {isa = PBXBuildFile; fileRef = AC78D15E20D1B71E00CE106D /* LaunchScreen.storyboard */; };
		AC78D16B20D1BF9D00CE106D /* GalleryController.swift in Sources */ = {isa = PBXBuildFile; fileRef = AC78D16A20D1BF9D00CE106D /* GalleryController.swift */; };
		AC78D16E20D1C07B00CE106D /* photon.xcdatamodeld in Sources */ = {isa = PBXBuildFile; fileRef = AC78D16C20D1C07B00CE106D /* photon.xcdatamodeld */; };
/* End PBXBuildFile section */

/* Begin PBXFileReference section */
		AC78D14F20D1B71C00CE106D /* photon.app */ = {isa = PBXFileReference; explicitFileType = wrapper.application; includeInIndex = 0; path = photon.app; sourceTree = BUILT_PRODUCTS_DIR; };
		AC78D15220D1B71C00CE106D /* AppDelegate.swift */ = {isa = PBXFileReference; lastKnownFileType = sourcecode.swift; path = AppDelegate.swift; sourceTree = "<group>"; };
		AC78D15420D1B71C00CE106D /* HomeController.swift */ = {isa = PBXFileReference; lastKnownFileType = sourcecode.swift; path = HomeController.swift; sourceTree = "<group>"; };
		AC78D15720D1B71C00CE106D /* Base */ = {isa = PBXFileReference; lastKnownFileType = file.storyboard; name = Base; path = Base.lproj/Main.storyboard; sourceTree = "<group>"; };
		AC78D15C20D1B71D00CE106D /* Assets.xcassets */ = {isa = PBXFileReference; lastKnownFileType = folder.assetcatalog; path = Assets.xcassets; sourceTree = "<group>"; };
		AC78D15F20D1B71E00CE106D /* Base */ = {isa = PBXFileReference; lastKnownFileType = file.storyboard; name = Base; path = Base.lproj/LaunchScreen.storyboard; sourceTree = "<group>"; };
		AC78D16120D1B71E00CE106D /* Info.plist */ = {isa = PBXFileReference; lastKnownFileType = text.plist.xml; path = Info.plist; sourceTree = "<group>"; };
		AC78D16A20D1BF9D00CE106D /* GalleryController.swift */ = {isa = PBXFileReference; lastKnownFileType = sourcecode.swift; path = GalleryController.swift; sourceTree = "<group>"; };
		AC78D16D20D1C07B00CE106D /* photon.xcdatamodel */ = {isa = PBXFileReference; lastKnownFileType = wrapper.xcdatamodel; path = photon.xcdatamodel; sourceTree = "<group>"; };
/* End PBXFileReference section */

/* Begin PBXFrameworksBuildPhase section */
		AC78D14C20D1B71C00CE106D /* Frameworks */ = {
			isa = PBXFrameworksBuildPhase;
			buildActionMask = 2147483647;
			files = (
			);
			runOnlyForDeploymentPostprocessing = 0;
		};
/* End PBXFrameworksBuildPhase section */

/* Begin PBXGroup section */
		AC78D14620D1B71C00CE106D = {
			isa = PBXGroup;
			children = (
				AC78D15120D1B71C00CE106D /* photon */,
				AC78D15020D1B71C00CE106D /* Products */,
			);
			sourceTree = "<group>";
		};
		AC78D15020D1B71C00CE106D /* Products */ = {
			isa = PBXGroup;
			children = (
				AC78D14F20D1B71C00CE106D /* photon.app */,
			);
			name = Products;
			sourceTree = "<group>";
		};
		AC78D15120D1B71C00CE106D /* photon */ = {
			isa = PBXGroup;
			children = (
				AC78D16C20D1C07B00CE106D /* photon.xcdatamodeld */,
				AC78D16820D1B74700CE106D /* Resources */,
				AC78D16720D1B73D00CE106D /* Controllers */,
				AC78D15220D1B71C00CE106D /* AppDelegate.swift */,
				AC78D16120D1B71E00CE106D /* Info.plist */,
			);
			path = photon;
			sourceTree = "<group>";
		};
		AC78D16720D1B73D00CE106D /* Controllers */ = {
			isa = PBXGroup;
			children = (
				AC78D15420D1B71C00CE106D /* HomeController.swift */,
				AC78D16A20D1BF9D00CE106D /* GalleryController.swift */,
			);
			path = Controllers;
			sourceTree = "<group>";
		};
		AC78D16820D1B74700CE106D /* Resources */ = {
			isa = PBXGroup;
			children = (
				AC78D15C20D1B71D00CE106D /* Assets.xcassets */,
				AC78D16920D1B75600CE106D /* Storyboards */,
			);
			path = Resources;
			sourceTree = "<group>";
		};
		AC78D16920D1B75600CE106D /* Storyboards */ = {
			isa = PBXGroup;
			children = (
				AC78D15620D1B71C00CE106D /* Main.storyboard */,
				AC78D15E20D1B71E00CE106D /* LaunchScreen.storyboard */,
			);
			path = Storyboards;
			sourceTree = "<group>";
		};
/* End PBXGroup section */

/* Begin PBXNativeTarget section */
		AC78D14E20D1B71C00CE106D /* photon */ = {
			isa = PBXNativeTarget;
			buildConfigurationList = AC78D16420D1B71E00CE106D /* Build configuration list for PBXNativeTarget "photon" */;
			buildPhases = (
				AC78D14B20D1B71C00CE106D /* Sources */,
				AC78D14C20D1B71C00CE106D /* Frameworks */,
				AC78D14D20D1B71C00CE106D /* Resources */,
			);
			buildRules = (
			);
			dependencies = (
			);
			name = photon;
			productName = photon;
			productReference = AC78D14F20D1B71C00CE106D /* photon.app */;
			productType = "com.apple.product-type.application";
		};
/* End PBXNativeTarget section */

/* Begin PBXProject section */
		AC78D14720D1B71C00CE106D /* Project object */ = {
			isa = PBXProject;
			attributes = {
				LastSwiftUpdateCheck = 0930;
				LastUpgradeCheck = 0930;
				ORGANIZATIONNAME = TFH;
				TargetAttributes = {
					AC78D14E20D1B71C00CE106D = {
						CreatedOnToolsVersion = 9.3;
					};
				};
			};
			buildConfigurationList = AC78D14A20D1B71C00CE106D /* Build configuration list for PBXProject "photon" */;
			compatibilityVersion = "Xcode 9.3";
			developmentRegion = en;
			hasScannedForEncodings = 0;
			knownRegions = (
				en,
				Base,
			);
			mainGroup = AC78D14620D1B71C00CE106D;
			productRefGroup = AC78D15020D1B71C00CE106D /* Products */;
			projectDirPath = "";
			projectRoot = "";
			targets = (
				AC78D14E20D1B71C00CE106D /* photon */,
			);
		};
/* End PBXProject section */

/* Begin PBXResourcesBuildPhase section */
		AC78D14D20D1B71C00CE106D /* Resources */ = {
			isa = PBXResourcesBuildPhase;
			buildActionMask = 2147483647;
			files = (
				AC78D16020D1B71E00CE106D /* LaunchScreen.storyboard in Resources */,
				AC78D15D20D1B71E00CE106D /* Assets.xcassets in Resources */,
				AC78D15820D1B71C00CE106D /* Main.storyboard in Resources */,
			);
			runOnlyForDeploymentPostprocessing = 0;
		};
/* End PBXResourcesBuildPhase section */

/* Begin PBXSourcesBuildPhase section */
		AC78D14B20D1B71C00CE106D /* Sources */ = {
			isa = PBXSourcesBuildPhase;
			buildActionMask = 2147483647;
			files = (
				AC78D16B20D1BF9D00CE106D /* GalleryController.swift in Sources */,
				AC78D15520D1B71C00CE106D /* HomeController.swift in Sources */,
				AC78D15320D1B71C00CE106D /* AppDelegate.swift in Sources */,
				AC78D16E20D1C07B00CE106D /* photon.xcdatamodeld in Sources */,
			);
			runOnlyForDeploymentPostprocessing = 0;
		};
/* End PBXSourcesBuildPhase section */

/* Begin PBXVariantGroup section */
		AC78D15620D1B71C00CE106D /* Main.storyboard */ = {
			isa = PBXVariantGroup;
			children = (
				AC78D15720D1B71C00CE106D /* Base */,
			);
			name = Main.storyboard;
			sourceTree = "<group>";
		};
		AC78D15E20D1B71E00CE106D /* LaunchScreen.storyboard */ = {
			isa = PBXVariantGroup;
			children = (
				AC78D15F20D1B71E00CE106D /* Base */,
			);
			name = LaunchScreen.storyboard;
			sourceTree = "<group>";
		};
/* End PBXVariantGroup section */

/* Begin XCBuildConfiguration section */
		AC78D16220D1B71E00CE106D /* Debug */ = {
			isa = XCBuildConfiguration;
			buildSettings = {
				ALWAYS_SEARCH_USER_PATHS = NO;
				CLANG_ANALYZER_NONNULL = YES;
				CLANG_ANALYZER_NUMBER_OBJECT_CONVERSION = YES_AGGRESSIVE;
				CLANG_CXX_LANGUAGE_STANDARD = "gnu++14";
				CLANG_CXX_LIBRARY = "libc++";
				CLANG_ENABLE_MODULES = YES;
				CLANG_ENABLE_OBJC_ARC = YES;
				CLANG_ENABLE_OBJC_WEAK = YES;
				CLANG_WARN_BLOCK_CAPTURE_AUTORELEASING = YES;
				CLANG_WARN_BOOL_CONVERSION = YES;
				CLANG_WARN_COMMA = YES;
				CLANG_WARN_CONSTANT_CONVERSION = YES;
				CLANG_WARN_DEPRECATED_OBJC_IMPLEMENTATIONS = YES;
				CLANG_WARN_DIRECT_OBJC_ISA_USAGE = YES_ERROR;
				CLANG_WARN_DOCUMENTATION_COMMENTS = YES;
				CLANG_WARN_EMPTY_BODY = YES;
				CLANG_WARN_ENUM_CONVERSION = YES;
				CLANG_WARN_INFINITE_RECURSION = YES;
				CLANG_WARN_INT_CONVERSION = YES;
				CLANG_WARN_NON_LITERAL_NULL_CONVERSION = YES;
				CLANG_WARN_OBJC_IMPLICIT_RETAIN_SELF = YES;
				CLANG_WARN_OBJC_LITERAL_CONVERSION = YES;
				CLANG_WARN_OBJC_ROOT_CLASS = YES_ERROR;
				CLANG_WARN_RANGE_LOOP_ANALYSIS = YES;
				CLANG_WARN_STRICT_PROTOTYPES = YES;
				CLANG_WARN_SUSPICIOUS_MOVE = YES;
				CLANG_WARN_UNGUARDED_AVAILABILITY = YES_AGGRESSIVE;
				CLANG_WARN_UNREACHABLE_CODE = YES;
				CLANG_WARN__DUPLICATE_METHOD_MATCH = YES;
				CODE_SIGN_IDENTITY = "iPhone Developer";
				COPY_PHASE_STRIP = NO;
				DEBUG_INFORMATION_FORMAT = dwarf;
				ENABLE_STRICT_OBJC_MSGSEND = YES;
				ENABLE_TESTABILITY = YES;
				GCC_C_LANGUAGE_STANDARD = gnu11;
				GCC_DYNAMIC_NO_PIC = NO;
				GCC_NO_COMMON_BLOCKS = YES;
				GCC_OPTIMIZATION_LEVEL = 0;
				GCC_PREPROCESSOR_DEFINITIONS = (
					"DEBUG=1",
					"$(inherited)",
				);
				GCC_WARN_64_TO_32_BIT_CONVERSION = YES;
				GCC_WARN_ABOUT_RETURN_TYPE = YES_ERROR;
				GCC_WARN_UNDECLARED_SELECTOR = YES;
				GCC_WARN_UNINITIALIZED_AUTOS = YES_AGGRESSIVE;
				GCC_WARN_UNUSED_FUNCTION = YES;
				GCC_WARN_UNUSED_VARIABLE = YES;
				IPHONEOS_DEPLOYMENT_TARGET = 11.3;
				MTL_ENABLE_DEBUG_INFO = YES;
				ONLY_ACTIVE_ARCH = YES;
				SDKROOT = iphoneos;
				SWIFT_ACTIVE_COMPILATION_CONDITIONS = DEBUG;
				SWIFT_OPTIMIZATION_LEVEL = "-Onone";
			};
			name = Debug;
		};
		AC78D16320D1B71E00CE106D /* Release */ = {
			isa = XCBuildConfiguration;
			buildSettings = {
				ALWAYS_SEARCH_USER_PATHS = NO;
				CLANG_ANALYZER_NONNULL = YES;
				CLANG_ANALYZER_NUMBER_OBJECT_CONVERSION = YES_AGGRESSIVE;
				CLANG_CXX_LANGUAGE_STANDARD = "gnu++14";
				CLANG_CXX_LIBRARY = "libc++";
				CLANG_ENABLE_MODULES = YES;
				CLANG_ENABLE_OBJC_ARC = YES;
				CLANG_ENABLE_OBJC_WEAK = YES;
				CLANG_WARN_BLOCK_CAPTURE_AUTORELEASING = YES;
				CLANG_WARN_BOOL_CONVERSION = YES;
				CLANG_WARN_COMMA = YES;
				CLANG_WARN_CONSTANT_CONVERSION = YES;
				CLANG_WARN_DEPRECATED_OBJC_IMPLEMENTATIONS = YES;
				CLANG_WARN_DIRECT_OBJC_ISA_USAGE = YES_ERROR;
				CLANG_WARN_DOCUMENTATION_COMMENTS = YES;
				CLANG_WARN_EMPTY_BODY = YES;
				CLANG_WARN_ENUM_CONVERSION = YES;
				CLANG_WARN_INFINITE_RECURSION = YES;
				CLANG_WARN_INT_CONVERSION = YES;
				CLANG_WARN_NON_LITERAL_NULL_CONVERSION = YES;
				CLANG_WARN_OBJC_IMPLICIT_RETAIN_SELF = YES;
				CLANG_WARN_OBJC_LITERAL_CONVERSION = YES;
				CLANG_WARN_OBJC_ROOT_CLASS = YES_ERROR;
				CLANG_WARN_RANGE_LOOP_ANALYSIS = YES;
				CLANG_WARN_STRICT_PROTOTYPES = YES;
				CLANG_WARN_SUSPICIOUS_MOVE = YES;
				CLANG_WARN_UNGUARDED_AVAILABILITY = YES_AGGRESSIVE;
				CLANG_WARN_UNREACHABLE_CODE = YES;
				CLANG_WARN__DUPLICATE_METHOD_MATCH = YES;
				CODE_SIGN_IDENTITY = "iPhone Developer";
				COPY_PHASE_STRIP = NO;
				DEBUG_INFORMATION_FORMAT = "dwarf-with-dsym";
				ENABLE_NS_ASSERTIONS = NO;
				ENABLE_STRICT_OBJC_MSGSEND = YES;
				GCC_C_LANGUAGE_STANDARD = gnu11;
				GCC_NO_COMMON_BLOCKS = YES;
				GCC_WARN_64_TO_32_BIT_CONVERSION = YES;
				GCC_WARN_ABOUT_RETURN_TYPE = YES_ERROR;
				GCC_WARN_UNDECLARED_SELECTOR = YES;
				GCC_WARN_UNINITIALIZED_AUTOS = YES_AGGRESSIVE;
				GCC_WARN_UNUSED_FUNCTION = YES;
				GCC_WARN_UNUSED_VARIABLE = YES;
				IPHONEOS_DEPLOYMENT_TARGET = 11.3;
				MTL_ENABLE_DEBUG_INFO = NO;
				SDKROOT = iphoneos;
				SWIFT_COMPILATION_MODE = wholemodule;
				SWIFT_OPTIMIZATION_LEVEL = "-O";
				VALIDATE_PRODUCT = YES;
			};
			name = Release;
		};
		AC78D16520D1B71E00CE106D /* Debug */ = {
			isa = XCBuildConfiguration;
			buildSettings = {
				ASSETCATALOG_COMPILER_APPICON_NAME = AppIcon;
				CODE_SIGN_STYLE = Automatic;
				DEVELOPMENT_TEAM = G87HUM96UL;
				INFOPLIST_FILE = photon/Info.plist;
				LD_RUNPATH_SEARCH_PATHS = (
					"$(inherited)",
					"@executable_path/Frameworks",
				);
				PRODUCT_BUNDLE_IDENTIFIER = com.theflawlesshack.photon;
				PRODUCT_NAME = "$(TARGET_NAME)";
				SWIFT_VERSION = 4.0;
				TARGETED_DEVICE_FAMILY = "1,2";
			};
			name = Debug;
		};
		AC78D16620D1B71E00CE106D /* Release */ = {
			isa = XCBuildConfiguration;
			buildSettings = {
				ASSETCATALOG_COMPILER_APPICON_NAME = AppIcon;
				CODE_SIGN_STYLE = Automatic;
				DEVELOPMENT_TEAM = G87HUM96UL;
				INFOPLIST_FILE = photon/Info.plist;
				LD_RUNPATH_SEARCH_PATHS = (
					"$(inherited)",
					"@executable_path/Frameworks",
				);
				PRODUCT_BUNDLE_IDENTIFIER = com.theflawlesshack.photon;
				PRODUCT_NAME = "$(TARGET_NAME)";
				SWIFT_VERSION = 4.0;
				TARGETED_DEVICE_FAMILY = "1,2";
			};
			name = Release;
		};
/* End XCBuildConfiguration section */

/* Begin XCConfigurationList section */
		AC78D14A20D1B71C00CE106D /* Build configuration list for PBXProject "photon" */ = {
			isa = XCConfigurationList;
			buildConfigurations = (
				AC78D16220D1B71E00CE106D /* Debug */,
				AC78D16320D1B71E00CE106D /* Release */,
			);
			defaultConfigurationIsVisible = 0;
			defaultConfigurationName = Release;
		};
		AC78D16420D1B71E00CE106D /* Build configuration list for PBXNativeTarget "photon" */ = {
			isa = XCConfigurationList;
			buildConfigurations = (
				AC78D16520D1B71E00CE106D /* Debug */,
				AC78D16620D1B71E00CE106D /* Release */,
			);
			defaultConfigurationIsVisible = 0;
			defaultConfigurationName = Release;
		};
/* End XCConfigurationList section */

/* Begin XCVersionGroup section */
		AC78D16C20D1C07B00CE106D /* photon.xcdatamodeld */ = {
			isa = XCVersionGroup;
			children = (
				AC78D16D20D1C07B00CE106D /* photon.xcdatamodel */,
			);
			currentVersion = AC78D16D20D1C07B00CE106D /* photon.xcdatamodel */;
			path = photon.xcdatamodeld;
			sourceTree = "<group>";
			versionGroupType = wrapper.xcdatamodel;
		};
/* End XCVersionGroup section */
	};
	rootObject = AC78D14720D1B71C00CE106D /* Project object */;
}
