// !$*UTF8*$!
{
	archiveVersion = 1;
	classes = {
	};
	objectVersion = 50;
	objects = {

/* Begin PBXBuildFile section */
		AC7468BC20CDBB9E007C62CA /* AppDelegate.swift in Sources */ = {isa = PBXBuildFile; fileRef = AC7468BB20CDBB9E007C62CA /* AppDelegate.swift */; };
		AC7468BE20CDBB9E007C62CA /* ViewController.swift in Sources */ = {isa = PBXBuildFile; fileRef = AC7468BD20CDBB9E007C62CA /* ViewController.swift */; };
		AC7468C120CDBB9E007C62CA /* Main.storyboard in Resources */ = {isa = PBXBuildFile; fileRef = AC7468BF20CDBB9E007C62CA /* Main.storyboard */; };
		AC7468C320CDBBA0007C62CA /* Assets.xcassets in Resources */ = {isa = PBXBuildFile; fileRef = AC7468C220CDBBA0007C62CA /* Assets.xcassets */; };
		AC7468C620CDBBA0007C62CA /* LaunchScreen.storyboard in Resources */ = {isa = PBXBuildFile; fileRef = AC7468C420CDBBA0007C62CA /* LaunchScreen.storyboard */; };
		AC7468D020CDCBD7007C62CA /* ResultsController.swift in Sources */ = {isa = PBXBuildFile; fileRef = AC7468CF20CDCBD7007C62CA /* ResultsController.swift */; };
/* End PBXBuildFile section */

/* Begin PBXFileReference section */
		AC7468B820CDBB9E007C62CA /* minionQs.app */ = {isa = PBXFileReference; explicitFileType = wrapper.application; includeInIndex = 0; path = minionQs.app; sourceTree = BUILT_PRODUCTS_DIR; };
		AC7468BB20CDBB9E007C62CA /* AppDelegate.swift */ = {isa = PBXFileReference; lastKnownFileType = sourcecode.swift; path = AppDelegate.swift; sourceTree = "<group>"; };
		AC7468BD20CDBB9E007C62CA /* ViewController.swift */ = {isa = PBXFileReference; lastKnownFileType = sourcecode.swift; path = ViewController.swift; sourceTree = "<group>"; };
		AC7468C020CDBB9E007C62CA /* Base */ = {isa = PBXFileReference; lastKnownFileType = file.storyboard; name = Base; path = Base.lproj/Main.storyboard; sourceTree = "<group>"; };
		AC7468C220CDBBA0007C62CA /* Assets.xcassets */ = {isa = PBXFileReference; lastKnownFileType = folder.assetcatalog; path = Assets.xcassets; sourceTree = "<group>"; };
		AC7468C520CDBBA0007C62CA /* Base */ = {isa = PBXFileReference; lastKnownFileType = file.storyboard; name = Base; path = Base.lproj/LaunchScreen.storyboard; sourceTree = "<group>"; };
		AC7468C720CDBBA0007C62CA /* Info.plist */ = {isa = PBXFileReference; lastKnownFileType = text.plist.xml; path = Info.plist; sourceTree = "<group>"; };
		AC7468CF20CDCBD7007C62CA /* ResultsController.swift */ = {isa = PBXFileReference; lastKnownFileType = sourcecode.swift; path = ResultsController.swift; sourceTree = "<group>"; };
/* End PBXFileReference section */

/* Begin PBXFrameworksBuildPhase section */
		AC7468B520CDBB9E007C62CA /* Frameworks */ = {
			isa = PBXFrameworksBuildPhase;
			buildActionMask = 2147483647;
			files = (
			);
			runOnlyForDeploymentPostprocessing = 0;
		};
/* End PBXFrameworksBuildPhase section */

/* Begin PBXGroup section */
		AC7468AF20CDBB9E007C62CA = {
			isa = PBXGroup;
			children = (
				AC7468BA20CDBB9E007C62CA /* minionQs */,
				AC7468B920CDBB9E007C62CA /* Products */,
			);
			sourceTree = "<group>";
		};
		AC7468B920CDBB9E007C62CA /* Products */ = {
			isa = PBXGroup;
			children = (
				AC7468B820CDBB9E007C62CA /* minionQs.app */,
			);
			name = Products;
			sourceTree = "<group>";
		};
		AC7468BA20CDBB9E007C62CA /* minionQs */ = {
			isa = PBXGroup;
			children = (
				AC7468CE20CDCBAB007C62CA /* Controllers */,
				AC7468BB20CDBB9E007C62CA /* AppDelegate.swift */,
				AC7468BF20CDBB9E007C62CA /* Main.storyboard */,
				AC7468C220CDBBA0007C62CA /* Assets.xcassets */,
				AC7468C420CDBBA0007C62CA /* LaunchScreen.storyboard */,
				AC7468C720CDBBA0007C62CA /* Info.plist */,
			);
			path = minionQs;
			sourceTree = "<group>";
		};
		AC7468CE20CDCBAB007C62CA /* Controllers */ = {
			isa = PBXGroup;
			children = (
				AC7468BD20CDBB9E007C62CA /* ViewController.swift */,
				AC7468CF20CDCBD7007C62CA /* ResultsController.swift */,
			);
			path = Controllers;
			sourceTree = "<group>";
		};
/* End PBXGroup section */

/* Begin PBXNativeTarget section */
		AC7468B720CDBB9E007C62CA /* minionQs */ = {
			isa = PBXNativeTarget;
			buildConfigurationList = AC7468CA20CDBBA0007C62CA /* Build configuration list for PBXNativeTarget "minionQs" */;
			buildPhases = (
				AC7468B420CDBB9E007C62CA /* Sources */,
				AC7468B520CDBB9E007C62CA /* Frameworks */,
				AC7468B620CDBB9E007C62CA /* Resources */,
			);
			buildRules = (
			);
			dependencies = (
			);
			name = minionQs;
			productName = minionQs;
			productReference = AC7468B820CDBB9E007C62CA /* minionQs.app */;
			productType = "com.apple.product-type.application";
		};
/* End PBXNativeTarget section */

/* Begin PBXProject section */
		AC7468B020CDBB9E007C62CA /* Project object */ = {
			isa = PBXProject;
			attributes = {
				LastSwiftUpdateCheck = 0930;
				LastUpgradeCheck = 0930;
				ORGANIZATIONNAME = TFH;
				TargetAttributes = {
					AC7468B720CDBB9E007C62CA = {
						CreatedOnToolsVersion = 9.3;
					};
				};
			};
			buildConfigurationList = AC7468B320CDBB9E007C62CA /* Build configuration list for PBXProject "minionQs" */;
			compatibilityVersion = "Xcode 9.3";
			developmentRegion = en;
			hasScannedForEncodings = 0;
			knownRegions = (
				en,
				Base,
			);
			mainGroup = AC7468AF20CDBB9E007C62CA;
			productRefGroup = AC7468B920CDBB9E007C62CA /* Products */;
			projectDirPath = "";
			projectRoot = "";
			targets = (
				AC7468B720CDBB9E007C62CA /* minionQs */,
			);
		};
/* End PBXProject section */

/* Begin PBXResourcesBuildPhase section */
		AC7468B620CDBB9E007C62CA /* Resources */ = {
			isa = PBXResourcesBuildPhase;
			buildActionMask = 2147483647;
			files = (
				AC7468C620CDBBA0007C62CA /* LaunchScreen.storyboard in Resources */,
				AC7468C320CDBBA0007C62CA /* Assets.xcassets in Resources */,
				AC7468C120CDBB9E007C62CA /* Main.storyboard in Resources */,
			);
			runOnlyForDeploymentPostprocessing = 0;
		};
/* End PBXResourcesBuildPhase section */

/* Begin PBXSourcesBuildPhase section */
		AC7468B420CDBB9E007C62CA /* Sources */ = {
			isa = PBXSourcesBuildPhase;
			buildActionMask = 2147483647;
			files = (
				AC7468BE20CDBB9E007C62CA /* ViewController.swift in Sources */,
				AC7468BC20CDBB9E007C62CA /* AppDelegate.swift in Sources */,
				AC7468D020CDCBD7007C62CA /* ResultsController.swift in Sources */,
			);
			runOnlyForDeploymentPostprocessing = 0;
		};
/* End PBXSourcesBuildPhase section */

/* Begin PBXVariantGroup section */
		AC7468BF20CDBB9E007C62CA /* Main.storyboard */ = {
			isa = PBXVariantGroup;
			children = (
				AC7468C020CDBB9E007C62CA /* Base */,
			);
			name = Main.storyboard;
			sourceTree = "<group>";
		};
		AC7468C420CDBBA0007C62CA /* LaunchScreen.storyboard */ = {
			isa = PBXVariantGroup;
			children = (
				AC7468C520CDBBA0007C62CA /* Base */,
			);
			name = LaunchScreen.storyboard;
			sourceTree = "<group>";
		};
/* End PBXVariantGroup section */

/* Begin XCBuildConfiguration section */
		AC7468C820CDBBA0007C62CA /* Debug */ = {
			isa = XCBuildConfiguration;
			buildSettings = {
				ALWAYS_SEARCH_USER_PATHS = NO;
				CLANG_ANALYZER_NONNULL = YES;
				CLANG_ANALYZER_NUMBER_OBJECT_CONVERSION = YES_AGGRESSIVE;
				CLANG_CXX_LANGUAGE_STANDARD = "gnu++14";
				CLANG_CXX_LIBRARY = "libc++";
				CLANG_ENABLE_MODULES = YES;
				CLANG_ENABLE_OBJC_ARC = YES;
				CLANG_ENABLE_OBJC_WEAK = YES;
				CLANG_WARN_BLOCK_CAPTURE_AUTORELEASING = YES;
				CLANG_WARN_BOOL_CONVERSION = YES;
				CLANG_WARN_COMMA = YES;
				CLANG_WARN_CONSTANT_CONVERSION = YES;
				CLANG_WARN_DEPRECATED_OBJC_IMPLEMENTATIONS = YES;
				CLANG_WARN_DIRECT_OBJC_ISA_USAGE = YES_ERROR;
				CLANG_WARN_DOCUMENTATION_COMMENTS = YES;
				CLANG_WARN_EMPTY_BODY = YES;
				CLANG_WARN_ENUM_CONVERSION = YES;
				CLANG_WARN_INFINITE_RECURSION = YES;
				CLANG_WARN_INT_CONVERSION = YES;
				CLANG_WARN_NON_LITERAL_NULL_CONVERSION = YES;
				CLANG_WARN_OBJC_IMPLICIT_RETAIN_SELF = YES;
				CLANG_WARN_OBJC_LITERAL_CONVERSION = YES;
				CLANG_WARN_OBJC_ROOT_CLASS = YES_ERROR;
				CLANG_WARN_RANGE_LOOP_ANALYSIS = YES;
				CLANG_WARN_STRICT_PROTOTYPES = YES;
				CLANG_WARN_SUSPICIOUS_MOVE = YES;
				CLANG_WARN_UNGUARDED_AVAILABILITY = YES_AGGRESSIVE;
				CLANG_WARN_UNREACHABLE_CODE = YES;
				CLANG_WARN__DUPLICATE_METHOD_MATCH = YES;
				CODE_SIGN_IDENTITY = "iPhone Developer";
				COPY_PHASE_STRIP = NO;
				DEBUG_INFORMATION_FORMAT = dwarf;
				ENABLE_STRICT_OBJC_MSGSEND = YES;
				ENABLE_TESTABILITY = YES;
				GCC_C_LANGUAGE_STANDARD = gnu11;
				GCC_DYNAMIC_NO_PIC = NO;
				GCC_NO_COMMON_BLOCKS = YES;
				GCC_OPTIMIZATION_LEVEL = 0;
				GCC_PREPROCESSOR_DEFINITIONS = (
					"DEBUG=1",
					"$(inherited)",
				);
				GCC_WARN_64_TO_32_BIT_CONVERSION = YES;
				GCC_WARN_ABOUT_RETURN_TYPE = YES_ERROR;
				GCC_WARN_UNDECLARED_SELECTOR = YES;
				GCC_WARN_UNINITIALIZED_AUTOS = YES_AGGRESSIVE;
				GCC_WARN_UNUSED_FUNCTION = YES;
				GCC_WARN_UNUSED_VARIABLE = YES;
				IPHONEOS_DEPLOYMENT_TARGET = 11.3;
				MTL_ENABLE_DEBUG_INFO = YES;
				ONLY_ACTIVE_ARCH = YES;
				SDKROOT = iphoneos;
				SWIFT_ACTIVE_COMPILATION_CONDITIONS = DEBUG;
				SWIFT_OPTIMIZATION_LEVEL = "-Onone";
			};
			name = Debug;
		};
		AC7468C920CDBBA0007C62CA /* Release */ = {
			isa = XCBuildConfiguration;
			buildSettings = {
				ALWAYS_SEARCH_USER_PATHS = NO;
				CLANG_ANALYZER_NONNULL = YES;
				CLANG_ANALYZER_NUMBER_OBJECT_CONVERSION = YES_AGGRESSIVE;
				CLANG_CXX_LANGUAGE_STANDARD = "gnu++14";
				CLANG_CXX_LIBRARY = "libc++";
				CLANG_ENABLE_MODULES = YES;
				CLANG_ENABLE_OBJC_ARC = YES;
				CLANG_ENABLE_OBJC_WEAK = YES;
				CLANG_WARN_BLOCK_CAPTURE_AUTORELEASING = YES;
				CLANG_WARN_BOOL_CONVERSION = YES;
				CLANG_WARN_COMMA = YES;
				CLANG_WARN_CONSTANT_CONVERSION = YES;
				CLANG_WARN_DEPRECATED_OBJC_IMPLEMENTATIONS = YES;
				CLANG_WARN_DIRECT_OBJC_ISA_USAGE = YES_ERROR;
				CLANG_WARN_DOCUMENTATION_COMMENTS = YES;
				CLANG_WARN_EMPTY_BODY = YES;
				CLANG_WARN_ENUM_CONVERSION = YES;
				CLANG_WARN_INFINITE_RECURSION = YES;
				CLANG_WARN_INT_CONVERSION = YES;
				CLANG_WARN_NON_LITERAL_NULL_CONVERSION = YES;
				CLANG_WARN_OBJC_IMPLICIT_RETAIN_SELF = YES;
				CLANG_WARN_OBJC_LITERAL_CONVERSION = YES;
				CLANG_WARN_OBJC_ROOT_CLASS = YES_ERROR;
				CLANG_WARN_RANGE_LOOP_ANALYSIS = YES;
				CLANG_WARN_STRICT_PROTOTYPES = YES;
				CLANG_WARN_SUSPICIOUS_MOVE = YES;
				CLANG_WARN_UNGUARDED_AVAILABILITY = YES_AGGRESSIVE;
				CLANG_WARN_UNREACHABLE_CODE = YES;
				CLANG_WARN__DUPLICATE_METHOD_MATCH = YES;
				CODE_SIGN_IDENTITY = "iPhone Developer";
				COPY_PHASE_STRIP = NO;
				DEBUG_INFORMATION_FORMAT = "dwarf-with-dsym";
				ENABLE_NS_ASSERTIONS = NO;
				ENABLE_STRICT_OBJC_MSGSEND = YES;
				GCC_C_LANGUAGE_STANDARD = gnu11;
				GCC_NO_COMMON_BLOCKS = YES;
				GCC_WARN_64_TO_32_BIT_CONVERSION = YES;
				GCC_WARN_ABOUT_RETURN_TYPE = YES_ERROR;
				GCC_WARN_UNDECLARED_SELECTOR = YES;
				GCC_WARN_UNINITIALIZED_AUTOS = YES_AGGRESSIVE;
				GCC_WARN_UNUSED_FUNCTION = YES;
				GCC_WARN_UNUSED_VARIABLE = YES;
				IPHONEOS_DEPLOYMENT_TARGET = 11.3;
				MTL_ENABLE_DEBUG_INFO = NO;
				SDKROOT = iphoneos;
				SWIFT_COMPILATION_MODE = wholemodule;
				SWIFT_OPTIMIZATION_LEVEL = "-O";
				VALIDATE_PRODUCT = YES;
			};
			name = Release;
		};
		AC7468CB20CDBBA0007C62CA /* Debug */ = {
			isa = XCBuildConfiguration;
			buildSettings = {
				ASSETCATALOG_COMPILER_APPICON_NAME = AppIcon;
				CODE_SIGN_STYLE = Automatic;
				DEVELOPMENT_TEAM = G87HUM96UL;
				INFOPLIST_FILE = minionQs/Info.plist;
				LD_RUNPATH_SEARCH_PATHS = (
					"$(inherited)",
					"@executable_path/Frameworks",
				);
				PRODUCT_BUNDLE_IDENTIFIER = com.theflawlesshack.minionQs;
				PRODUCT_NAME = "$(TARGET_NAME)";
				SWIFT_VERSION = 4.0;
				TARGETED_DEVICE_FAMILY = "1,2";
			};
			name = Debug;
		};
		AC7468CC20CDBBA0007C62CA /* Release */ = {
			isa = XCBuildConfiguration;
			buildSettings = {
				ASSETCATALOG_COMPILER_APPICON_NAME = AppIcon;
				CODE_SIGN_STYLE = Automatic;
				DEVELOPMENT_TEAM = G87HUM96UL;
				INFOPLIST_FILE = minionQs/Info.plist;
				LD_RUNPATH_SEARCH_PATHS = (
					"$(inherited)",
					"@executable_path/Frameworks",
				);
				PRODUCT_BUNDLE_IDENTIFIER = com.theflawlesshack.minionQs;
				PRODUCT_NAME = "$(TARGET_NAME)";
				SWIFT_VERSION = 4.0;
				TARGETED_DEVICE_FAMILY = "1,2";
			};
			name = Release;
		};
/* End XCBuildConfiguration section */

/* Begin XCConfigurationList section */
		AC7468B320CDBB9E007C62CA /* Build configuration list for PBXProject "minionQs" */ = {
			isa = XCConfigurationList;
			buildConfigurations = (
				AC7468C820CDBBA0007C62CA /* Debug */,
				AC7468C920CDBBA0007C62CA /* Release */,
			);
			defaultConfigurationIsVisible = 0;
			defaultConfigurationName = Release;
		};
		AC7468CA20CDBBA0007C62CA /* Build configuration list for PBXNativeTarget "minionQs" */ = {
			isa = XCConfigurationList;
			buildConfigurations = (
				AC7468CB20CDBBA0007C62CA /* Debug */,
				AC7468CC20CDBBA0007C62CA /* Release */,
			);
			defaultConfigurationIsVisible = 0;
			defaultConfigurationName = Release;
		};
/* End XCConfigurationList section */
	};
	rootObject = AC7468B020CDBB9E007C62CA /* Project object */;
}
