// !$*UTF8*$!
{
	archiveVersion = 1;
	classes = {
	};
	objectVersion = 50;
	objects = {

/* Begin PBXBuildFile section */
		AC16561720D17E6500F596AA /* AppDelegate.swift in Sources */ = {isa = PBXBuildFile; fileRef = AC16561620D17E6500F596AA /* AppDelegate.swift */; };
		AC16561C20D17E6500F596AA /* Main.storyboard in Resources */ = {isa = PBXBuildFile; fileRef = AC16561A20D17E6500F596AA /* Main.storyboard */; };
		AC16561F20D17E6500F596AA /* getStuffDone.xcdatamodeld in Sources */ = {isa = PBXBuildFile; fileRef = AC16561D20D17E6500F596AA /* getStuffDone.xcdatamodeld */; };
		AC16562120D17E6900F596AA /* Assets.xcassets in Resources */ = {isa = PBXBuildFile; fileRef = AC16562020D17E6900F596AA /* Assets.xcassets */; };
		AC16562420D17E6900F596AA /* LaunchScreen.storyboard in Resources */ = {isa = PBXBuildFile; fileRef = AC16562220D17E6900F596AA /* LaunchScreen.storyboard */; };
		AC16562F20D1817400F596AA /* MainTableController.swift in Sources */ = {isa = PBXBuildFile; fileRef = AC16562E20D1817400F596AA /* MainTableController.swift */; };
		ACD4176520D18DCD0006E8E8 /* InputController.swift in Sources */ = {isa = PBXBuildFile; fileRef = ACD4176420D18DCC0006E8E8 /* InputController.swift */; };
/* End PBXBuildFile section */

/* Begin PBXFileReference section */
		AC16561320D17E6500F596AA /* getStuffDone.app */ = {isa = PBXFileReference; explicitFileType = wrapper.application; includeInIndex = 0; path = getStuffDone.app; sourceTree = BUILT_PRODUCTS_DIR; };
		AC16561620D17E6500F596AA /* AppDelegate.swift */ = {isa = PBXFileReference; lastKnownFileType = sourcecode.swift; path = AppDelegate.swift; sourceTree = "<group>"; };
		AC16561B20D17E6500F596AA /* Base */ = {isa = PBXFileReference; lastKnownFileType = file.storyboard; name = Base; path = Base.lproj/Main.storyboard; sourceTree = "<group>"; };
		AC16561E20D17E6500F596AA /* getStuffDone.xcdatamodel */ = {isa = PBXFileReference; lastKnownFileType = wrapper.xcdatamodel; path = getStuffDone.xcdatamodel; sourceTree = "<group>"; };
		AC16562020D17E6900F596AA /* Assets.xcassets */ = {isa = PBXFileReference; lastKnownFileType = folder.assetcatalog; path = Assets.xcassets; sourceTree = "<group>"; };
		AC16562320D17E6900F596AA /* Base */ = {isa = PBXFileReference; lastKnownFileType = file.storyboard; name = Base; path = Base.lproj/LaunchScreen.storyboard; sourceTree = "<group>"; };
		AC16562520D17E6900F596AA /* Info.plist */ = {isa = PBXFileReference; lastKnownFileType = text.plist.xml; path = Info.plist; sourceTree = "<group>"; };
		AC16562E20D1817400F596AA /* MainTableController.swift */ = {isa = PBXFileReference; lastKnownFileType = sourcecode.swift; path = MainTableController.swift; sourceTree = "<group>"; };
		ACD4176420D18DCC0006E8E8 /* InputController.swift */ = {isa = PBXFileReference; fileEncoding = 4; lastKnownFileType = sourcecode.swift; path = InputController.swift; sourceTree = "<group>"; };
/* End PBXFileReference section */

/* Begin PBXFrameworksBuildPhase section */
		AC16561020D17E6500F596AA /* Frameworks */ = {
			isa = PBXFrameworksBuildPhase;
			buildActionMask = 2147483647;
			files = (
			);
			runOnlyForDeploymentPostprocessing = 0;
		};
/* End PBXFrameworksBuildPhase section */

/* Begin PBXGroup section */
		AC16560A20D17E6500F596AA = {
			isa = PBXGroup;
			children = (
				AC16561520D17E6500F596AA /* getStuffDone */,
				AC16561420D17E6500F596AA /* Products */,
			);
			sourceTree = "<group>";
		};
		AC16561420D17E6500F596AA /* Products */ = {
			isa = PBXGroup;
			children = (
				AC16561320D17E6500F596AA /* getStuffDone.app */,
			);
			name = Products;
			sourceTree = "<group>";
		};
		AC16561520D17E6500F596AA /* getStuffDone */ = {
			isa = PBXGroup;
			children = (
				AC16562C20D17E8400F596AA /* Resources */,
				AC16562B20D17E7A00F596AA /* Controllers */,
				AC16561620D17E6500F596AA /* AppDelegate.swift */,
				AC16562520D17E6900F596AA /* Info.plist */,
				AC16561D20D17E6500F596AA /* getStuffDone.xcdatamodeld */,
			);
			path = getStuffDone;
			sourceTree = "<group>";
		};
		AC16562B20D17E7A00F596AA /* Controllers */ = {
			isa = PBXGroup;
			children = (
				ACD4176420D18DCC0006E8E8 /* InputController.swift */,
				AC16562E20D1817400F596AA /* MainTableController.swift */,
			);
			path = Controllers;
			sourceTree = "<group>";
		};
		AC16562C20D17E8400F596AA /* Resources */ = {
			isa = PBXGroup;
			children = (
				AC16562D20D17E8E00F596AA /* Storyboards */,
				AC16562020D17E6900F596AA /* Assets.xcassets */,
			);
			path = Resources;
			sourceTree = "<group>";
		};
		AC16562D20D17E8E00F596AA /* Storyboards */ = {
			isa = PBXGroup;
			children = (
				AC16561A20D17E6500F596AA /* Main.storyboard */,
				AC16562220D17E6900F596AA /* LaunchScreen.storyboard */,
			);
			path = Storyboards;
			sourceTree = "<group>";
		};
/* End PBXGroup section */

/* Begin PBXNativeTarget section */
		AC16561220D17E6500F596AA /* getStuffDone */ = {
			isa = PBXNativeTarget;
			buildConfigurationList = AC16562820D17E6900F596AA /* Build configuration list for PBXNativeTarget "getStuffDone" */;
			buildPhases = (
				AC16560F20D17E6500F596AA /* Sources */,
				AC16561020D17E6500F596AA /* Frameworks */,
				AC16561120D17E6500F596AA /* Resources */,
			);
			buildRules = (
			);
			dependencies = (
			);
			name = getStuffDone;
			productName = getStuffDone;
			productReference = AC16561320D17E6500F596AA /* getStuffDone.app */;
			productType = "com.apple.product-type.application";
		};
/* End PBXNativeTarget section */

/* Begin PBXProject section */
		AC16560B20D17E6500F596AA /* Project object */ = {
			isa = PBXProject;
			attributes = {
				LastSwiftUpdateCheck = 0930;
				LastUpgradeCheck = 0930;
				ORGANIZATIONNAME = TFH;
				TargetAttributes = {
					AC16561220D17E6500F596AA = {
						CreatedOnToolsVersion = 9.3;
					};
				};
			};
			buildConfigurationList = AC16560E20D17E6500F596AA /* Build configuration list for PBXProject "getStuffDone" */;
			compatibilityVersion = "Xcode 9.3";
			developmentRegion = en;
			hasScannedForEncodings = 0;
			knownRegions = (
				en,
				Base,
			);
			mainGroup = AC16560A20D17E6500F596AA;
			productRefGroup = AC16561420D17E6500F596AA /* Products */;
			projectDirPath = "";
			projectRoot = "";
			targets = (
				AC16561220D17E6500F596AA /* getStuffDone */,
			);
		};
/* End PBXProject section */

/* Begin PBXResourcesBuildPhase section */
		AC16561120D17E6500F596AA /* Resources */ = {
			isa = PBXResourcesBuildPhase;
			buildActionMask = 2147483647;
			files = (
				AC16562420D17E6900F596AA /* LaunchScreen.storyboard in Resources */,
				AC16562120D17E6900F596AA /* Assets.xcassets in Resources */,
				AC16561C20D17E6500F596AA /* Main.storyboard in Resources */,
			);
			runOnlyForDeploymentPostprocessing = 0;
		};
/* End PBXResourcesBuildPhase section */

/* Begin PBXSourcesBuildPhase section */
		AC16560F20D17E6500F596AA /* Sources */ = {
			isa = PBXSourcesBuildPhase;
			buildActionMask = 2147483647;
			files = (
				AC16562F20D1817400F596AA /* MainTableController.swift in Sources */,
				AC16561F20D17E6500F596AA /* getStuffDone.xcdatamodeld in Sources */,
				ACD4176520D18DCD0006E8E8 /* InputController.swift in Sources */,
				AC16561720D17E6500F596AA /* AppDelegate.swift in Sources */,
			);
			runOnlyForDeploymentPostprocessing = 0;
		};
/* End PBXSourcesBuildPhase section */

/* Begin PBXVariantGroup section */
		AC16561A20D17E6500F596AA /* Main.storyboard */ = {
			isa = PBXVariantGroup;
			children = (
				AC16561B20D17E6500F596AA /* Base */,
			);
			name = Main.storyboard;
			sourceTree = "<group>";
		};
		AC16562220D17E6900F596AA /* LaunchScreen.storyboard */ = {
			isa = PBXVariantGroup;
			children = (
				AC16562320D17E6900F596AA /* Base */,
			);
			name = LaunchScreen.storyboard;
			sourceTree = "<group>";
		};
/* End PBXVariantGroup section */

/* Begin XCBuildConfiguration section */
		AC16562620D17E6900F596AA /* Debug */ = {
			isa = XCBuildConfiguration;
			buildSettings = {
				ALWAYS_SEARCH_USER_PATHS = NO;
				CLANG_ANALYZER_NONNULL = YES;
				CLANG_ANALYZER_NUMBER_OBJECT_CONVERSION = YES_AGGRESSIVE;
				CLANG_CXX_LANGUAGE_STANDARD = "gnu++14";
				CLANG_CXX_LIBRARY = "libc++";
				CLANG_ENABLE_MODULES = YES;
				CLANG_ENABLE_OBJC_ARC = YES;
				CLANG_ENABLE_OBJC_WEAK = YES;
				CLANG_WARN_BLOCK_CAPTURE_AUTORELEASING = YES;
				CLANG_WARN_BOOL_CONVERSION = YES;
				CLANG_WARN_COMMA = YES;
				CLANG_WARN_CONSTANT_CONVERSION = YES;
				CLANG_WARN_DEPRECATED_OBJC_IMPLEMENTATIONS = YES;
				CLANG_WARN_DIRECT_OBJC_ISA_USAGE = YES_ERROR;
				CLANG_WARN_DOCUMENTATION_COMMENTS = YES;
				CLANG_WARN_EMPTY_BODY = YES;
				CLANG_WARN_ENUM_CONVERSION = YES;
				CLANG_WARN_INFINITE_RECURSION = YES;
				CLANG_WARN_INT_CONVERSION = YES;
				CLANG_WARN_NON_LITERAL_NULL_CONVERSION = YES;
				CLANG_WARN_OBJC_IMPLICIT_RETAIN_SELF = YES;
				CLANG_WARN_OBJC_LITERAL_CONVERSION = YES;
				CLANG_WARN_OBJC_ROOT_CLASS = YES_ERROR;
				CLANG_WARN_RANGE_LOOP_ANALYSIS = YES;
				CLANG_WARN_STRICT_PROTOTYPES = YES;
				CLANG_WARN_SUSPICIOUS_MOVE = YES;
				CLANG_WARN_UNGUARDED_AVAILABILITY = YES_AGGRESSIVE;
				CLANG_WARN_UNREACHABLE_CODE = YES;
				CLANG_WARN__DUPLICATE_METHOD_MATCH = YES;
				CODE_SIGN_IDENTITY = "iPhone Developer";
				COPY_PHASE_STRIP = NO;
				DEBUG_INFORMATION_FORMAT = dwarf;
				ENABLE_STRICT_OBJC_MSGSEND = YES;
				ENABLE_TESTABILITY = YES;
				GCC_C_LANGUAGE_STANDARD = gnu11;
				GCC_DYNAMIC_NO_PIC = NO;
				GCC_NO_COMMON_BLOCKS = YES;
				GCC_OPTIMIZATION_LEVEL = 0;
				GCC_PREPROCESSOR_DEFINITIONS = (
					"DEBUG=1",
					"$(inherited)",
				);
				GCC_WARN_64_TO_32_BIT_CONVERSION = YES;
				GCC_WARN_ABOUT_RETURN_TYPE = YES_ERROR;
				GCC_WARN_UNDECLARED_SELECTOR = YES;
				GCC_WARN_UNINITIALIZED_AUTOS = YES_AGGRESSIVE;
				GCC_WARN_UNUSED_FUNCTION = YES;
				GCC_WARN_UNUSED_VARIABLE = YES;
				IPHONEOS_DEPLOYMENT_TARGET = 11.3;
				MTL_ENABLE_DEBUG_INFO = YES;
				ONLY_ACTIVE_ARCH = YES;
				SDKROOT = iphoneos;
				SWIFT_ACTIVE_COMPILATION_CONDITIONS = DEBUG;
				SWIFT_OPTIMIZATION_LEVEL = "-Onone";
			};
			name = Debug;
		};
		AC16562720D17E6900F596AA /* Release */ = {
			isa = XCBuildConfiguration;
			buildSettings = {
				ALWAYS_SEARCH_USER_PATHS = NO;
				CLANG_ANALYZER_NONNULL = YES;
				CLANG_ANALYZER_NUMBER_OBJECT_CONVERSION = YES_AGGRESSIVE;
				CLANG_CXX_LANGUAGE_STANDARD = "gnu++14";
				CLANG_CXX_LIBRARY = "libc++";
				CLANG_ENABLE_MODULES = YES;
				CLANG_ENABLE_OBJC_ARC = YES;
				CLANG_ENABLE_OBJC_WEAK = YES;
				CLANG_WARN_BLOCK_CAPTURE_AUTORELEASING = YES;
				CLANG_WARN_BOOL_CONVERSION = YES;
				CLANG_WARN_COMMA = YES;
				CLANG_WARN_CONSTANT_CONVERSION = YES;
				CLANG_WARN_DEPRECATED_OBJC_IMPLEMENTATIONS = YES;
				CLANG_WARN_DIRECT_OBJC_ISA_USAGE = YES_ERROR;
				CLANG_WARN_DOCUMENTATION_COMMENTS = YES;
				CLANG_WARN_EMPTY_BODY = YES;
				CLANG_WARN_ENUM_CONVERSION = YES;
				CLANG_WARN_INFINITE_RECURSION = YES;
				CLANG_WARN_INT_CONVERSION = YES;
				CLANG_WARN_NON_LITERAL_NULL_CONVERSION = YES;
				CLANG_WARN_OBJC_IMPLICIT_RETAIN_SELF = YES;
				CLANG_WARN_OBJC_LITERAL_CONVERSION = YES;
				CLANG_WARN_OBJC_ROOT_CLASS = YES_ERROR;
				CLANG_WARN_RANGE_LOOP_ANALYSIS = YES;
				CLANG_WARN_STRICT_PROTOTYPES = YES;
				CLANG_WARN_SUSPICIOUS_MOVE = YES;
				CLANG_WARN_UNGUARDED_AVAILABILITY = YES_AGGRESSIVE;
				CLANG_WARN_UNREACHABLE_CODE = YES;
				CLANG_WARN__DUPLICATE_METHOD_MATCH = YES;
				CODE_SIGN_IDENTITY = "iPhone Developer";
				COPY_PHASE_STRIP = NO;
				DEBUG_INFORMATION_FORMAT = "dwarf-with-dsym";
				ENABLE_NS_ASSERTIONS = NO;
				ENABLE_STRICT_OBJC_MSGSEND = YES;
				GCC_C_LANGUAGE_STANDARD = gnu11;
				GCC_NO_COMMON_BLOCKS = YES;
				GCC_WARN_64_TO_32_BIT_CONVERSION = YES;
				GCC_WARN_ABOUT_RETURN_TYPE = YES_ERROR;
				GCC_WARN_UNDECLARED_SELECTOR = YES;
				GCC_WARN_UNINITIALIZED_AUTOS = YES_AGGRESSIVE;
				GCC_WARN_UNUSED_FUNCTION = YES;
				GCC_WARN_UNUSED_VARIABLE = YES;
				IPHONEOS_DEPLOYMENT_TARGET = 11.3;
				MTL_ENABLE_DEBUG_INFO = NO;
				SDKROOT = iphoneos;
				SWIFT_COMPILATION_MODE = wholemodule;
				SWIFT_OPTIMIZATION_LEVEL = "-O";
				VALIDATE_PRODUCT = YES;
			};
			name = Release;
		};
		AC16562920D17E6900F596AA /* Debug */ = {
			isa = XCBuildConfiguration;
			buildSettings = {
				ASSETCATALOG_COMPILER_APPICON_NAME = AppIcon;
				CODE_SIGN_STYLE = Automatic;
				DEVELOPMENT_TEAM = G87HUM96UL;
				INFOPLIST_FILE = getStuffDone/Info.plist;
				LD_RUNPATH_SEARCH_PATHS = (
					"$(inherited)",
					"@executable_path/Frameworks",
				);
				PRODUCT_BUNDLE_IDENTIFIER = com.theflawlesshack.getStuffDone;
				PRODUCT_NAME = "$(TARGET_NAME)";
				SWIFT_VERSION = 4.0;
				TARGETED_DEVICE_FAMILY = "1,2";
			};
			name = Debug;
		};
		AC16562A20D17E6900F596AA /* Release */ = {
			isa = XCBuildConfiguration;
			buildSettings = {
				ASSETCATALOG_COMPILER_APPICON_NAME = AppIcon;
				CODE_SIGN_STYLE = Automatic;
				DEVELOPMENT_TEAM = G87HUM96UL;
				INFOPLIST_FILE = getStuffDone/Info.plist;
				LD_RUNPATH_SEARCH_PATHS = (
					"$(inherited)",
					"@executable_path/Frameworks",
				);
				PRODUCT_BUNDLE_IDENTIFIER = com.theflawlesshack.getStuffDone;
				PRODUCT_NAME = "$(TARGET_NAME)";
				SWIFT_VERSION = 4.0;
				TARGETED_DEVICE_FAMILY = "1,2";
			};
			name = Release;
		};
/* End XCBuildConfiguration section */

/* Begin XCConfigurationList section */
		AC16560E20D17E6500F596AA /* Build configuration list for PBXProject "getStuffDone" */ = {
			isa = XCConfigurationList;
			buildConfigurations = (
				AC16562620D17E6900F596AA /* Debug */,
				AC16562720D17E6900F596AA /* Release */,
			);
			defaultConfigurationIsVisible = 0;
			defaultConfigurationName = Release;
		};
		AC16562820D17E6900F596AA /* Build configuration list for PBXNativeTarget "getStuffDone" */ = {
			isa = XCConfigurationList;
			buildConfigurations = (
				AC16562920D17E6900F596AA /* Debug */,
				AC16562A20D17E6900F596AA /* Release */,
			);
			defaultConfigurationIsVisible = 0;
			defaultConfigurationName = Release;
		};
/* End XCConfigurationList section */

/* Begin XCVersionGroup section */
		AC16561D20D17E6500F596AA /* getStuffDone.xcdatamodeld */ = {
			isa = XCVersionGroup;
			children = (
				AC16561E20D17E6500F596AA /* getStuffDone.xcdatamodel */,
			);
			currentVersion = AC16561E20D17E6500F596AA /* getStuffDone.xcdatamodel */;
			path = getStuffDone.xcdatamodeld;
			sourceTree = "<group>";
			versionGroupType = wrapper.xcdatamodel;
		};
/* End XCVersionGroup section */
	};
	rootObject = AC16560B20D17E6500F596AA /* Project object */;
}
